
Microsoft Visual Studio Solution File, Format Version 12.00
# Visual Studio Version 17
VisualStudioVersion = 17.8.34408.163
MinimumVisualStudioVersion = 10.0.40219.1
Project("{FAE04EC0-301F-11D3-BF4B-00C04F79EFBC}") = "csharp", "csharp\csharp.csproj", "{E31EDFE7-2F74-449F-A0DE-819EAFE514CD}"
EndProject
Global
	GlobalSection(SolutionConfigurationPlatforms) = preSolution
		Debug|Any CPU = Debug|Any CPU
		Release|Any CPU = Release|Any CPU
	EndGlobalSection
	GlobalSection(ProjectConfigurationPlatforms) = postSolution
		{E31EDFE7-2F74-449F-A0DE-819EAFE514CD}.Debug|Any CPU.ActiveCfg = Debug|Any CPU
		{E31EDFE7-2F74-449F-A0DE-819EAFE514CD}.Debug|Any CPU.Build.0 = Debug|Any CPU
		{E31EDFE7-2F74-449F-A0DE-819EAFE514CD}.Release|Any CPU.ActiveCfg = Release|Any CPU
		{E31EDFE7-2F74-449F-A0DE-819EAFE514CD}.Release|Any CPU.Build.0 = Release|Any CPU
	EndGlobalSection
	GlobalSection(SolutionProperties) = preSolution
		HideSolutionNode = FALSE
	EndGlobalSection
	GlobalSection(ExtensibilityGlobals) = postSolution
		SolutionGuid = {37031D32-1348-4D79-8871-EE879BE54F08}
	EndGlobalSection
EndGlobal
